
Microsoft Visual Studio Solution File, Format Version 12.00
# Visual Studio Version 16
VisualStudioVersion = 16.0.29911.84
MinimumVisualStudioVersion = 10.0.40219.1
Project("{FAE04EC0-301F-11D3-BF4B-00C04F79EFBC}") = "ShuffleDrawConsole", "ShuffleDrawConsole\ShuffleDrawConsole.csproj", "{EE47A5C3-2689-41E7-BFC5-F4FB781299D5}"
EndProject
Global
	GlobalSection(SolutionConfigurationPlatforms) = preSolution
		Debug|Any CPU = Debug|Any CPU
		Release|Any CPU = Release|Any CPU
	EndGlobalSection
	GlobalSection(ProjectConfigurationPlatforms) = postSolution
		{EE47A5C3-2689-41E7-BFC5-F4FB781299D5}.Debug|Any CPU.ActiveCfg = Debug|Any CPU
		{EE47A5C3-2689-41E7-BFC5-F4FB781299D5}.Debug|Any CPU.Build.0 = Debug|Any CPU
		{EE47A5C3-2689-41E7-BFC5-F4FB781299D5}.Release|Any CPU.ActiveCfg = Release|Any CPU
		{EE47A5C3-2689-41E7-BFC5-F4FB781299D5}.Release|Any CPU.Build.0 = Release|Any CPU
	EndGlobalSection
	GlobalSection(SolutionProperties) = preSolution
		HideSolutionNode = FALSE
	EndGlobalSection
	GlobalSection(ExtensibilityGlobals) = postSolution
		SolutionGuid = {AFB8C83B-4615-42CA-A074-4DADC0AA5288}
	EndGlobalSection
EndGlobal
